// !$*UTF8*$!
{
	archiveVersion = 1;
	classes = {
	};
	objectVersion = 51;
	objects = {

/* Begin PBXBuildFile section */
		014CDDDE2551C98C005A7F24 /* AppDelegate.swift in Sources */ = {isa = PBXBuildFile; fileRef = 014CDDDD2551C98C005A7F24 /* AppDelegate.swift */; };
		014CDDE02551C98C005A7F24 /* SceneDelegate.swift in Sources */ = {isa = PBXBuildFile; fileRef = 014CDDDF2551C98C005A7F24 /* SceneDelegate.swift */; };
		014CDDE22551C98C005A7F24 /* ViewController.swift in Sources */ = {isa = PBXBuildFile; fileRef = 014CDDE12551C98C005A7F24 /* ViewController.swift */; };
		014CDDE52551C98C005A7F24 /* Main.storyboard in Resources */ = {isa = PBXBuildFile; fileRef = 014CDDE32551C98C005A7F24 /* Main.storyboard */; };
		014CDDE72551C98F005A7F24 /* Assets.xcassets in Resources */ = {isa = PBXBuildFile; fileRef = 014CDDE62551C98F005A7F24 /* Assets.xcassets */; };
		014CDDEA2551C98F005A7F24 /* LaunchScreen.storyboard in Resources */ = {isa = PBXBuildFile; fileRef = 014CDDE82551C98F005A7F24 /* LaunchScreen.storyboard */; };
		830923F0E2DB481ADCB3BC54 /* Pods_GyroscopeTransferData.framework in Frameworks */ = {isa = PBXBuildFile; fileRef = 7004E4D63DEC549DE50ECFBE /* Pods_GyroscopeTransferData.framework */; };
/* End PBXBuildFile section */

/* Begin PBXFileReference section */
		014CDDDA2551C98C005A7F24 /* GyroscopeTransferData.app */ = {isa = PBXFileReference; explicitFileType = wrapper.application; includeInIndex = 0; path = GyroscopeTransferData.app; sourceTree = BUILT_PRODUCTS_DIR; };
		014CDDDD2551C98C005A7F24 /* AppDelegate.swift */ = {isa = PBXFileReference; lastKnownFileType = sourcecode.swift; path = AppDelegate.swift; sourceTree = "<group>"; };
		014CDDDF2551C98C005A7F24 /* SceneDelegate.swift */ = {isa = PBXFileReference; lastKnownFileType = sourcecode.swift; path = SceneDelegate.swift; sourceTree = "<group>"; };
		014CDDE12551C98C005A7F24 /* ViewController.swift */ = {isa = PBXFileReference; lastKnownFileType = sourcecode.swift; path = ViewController.swift; sourceTree = "<group>"; };
		014CDDE42551C98C005A7F24 /* Base */ = {isa = PBXFileReference; lastKnownFileType = file.storyboard; name = Base; path = Base.lproj/Main.storyboard; sourceTree = "<group>"; };
		014CDDE62551C98F005A7F24 /* Assets.xcassets */ = {isa = PBXFileReference; lastKnownFileType = folder.assetcatalog; path = Assets.xcassets; sourceTree = "<group>"; };
		014CDDE92551C98F005A7F24 /* Base */ = {isa = PBXFileReference; lastKnownFileType = file.storyboard; name = Base; path = Base.lproj/LaunchScreen.storyboard; sourceTree = "<group>"; };
		014CDDEB2551C98F005A7F24 /* Info.plist */ = {isa = PBXFileReference; lastKnownFileType = text.plist.xml; path = Info.plist; sourceTree = "<group>"; };
		33B7557C1F47AD1A3C5D6D86 /* Pods-GyroscopeTransferData.debug.xcconfig */ = {isa = PBXFileReference; includeInIndex = 1; lastKnownFileType = text.xcconfig; name = "Pods-GyroscopeTransferData.debug.xcconfig"; path = "Target Support Files/Pods-GyroscopeTransferData/Pods-GyroscopeTransferData.debug.xcconfig"; sourceTree = "<group>"; };
		4E2DD0738A16BBB768616E3B /* Pods-GyroscopeTransferData.release.xcconfig */ = {isa = PBXFileReference; includeInIndex = 1; lastKnownFileType = text.xcconfig; name = "Pods-GyroscopeTransferData.release.xcconfig"; path = "Target Support Files/Pods-GyroscopeTransferData/Pods-GyroscopeTransferData.release.xcconfig"; sourceTree = "<group>"; };
		7004E4D63DEC549DE50ECFBE /* Pods_GyroscopeTransferData.framework */ = {isa = PBXFileReference; explicitFileType = wrapper.framework; includeInIndex = 0; path = Pods_GyroscopeTransferData.framework; sourceTree = BUILT_PRODUCTS_DIR; };
/* End PBXFileReference section */

/* Begin PBXFrameworksBuildPhase section */
		014CDDD72551C98C005A7F24 /* Frameworks */ = {
			isa = PBXFrameworksBuildPhase;
			buildActionMask = 2147483647;
			files = (
				830923F0E2DB481ADCB3BC54 /* Pods_GyroscopeTransferData.framework in Frameworks */,
			);
			runOnlyForDeploymentPostprocessing = 0;
		};
/* End PBXFrameworksBuildPhase section */

/* Begin PBXGroup section */
		014CDDD12551C98C005A7F24 = {
			isa = PBXGroup;
			children = (
				014CDDDC2551C98C005A7F24 /* GyroscopeTransferData */,
				014CDDDB2551C98C005A7F24 /* Products */,
				B3D913DA2FADEEDCABACF2FF /* Pods */,
				0BC284E12DB2837E6F28317E /* Frameworks */,
			);
			sourceTree = "<group>";
		};
		014CDDDB2551C98C005A7F24 /* Products */ = {
			isa = PBXGroup;
			children = (
				014CDDDA2551C98C005A7F24 /* GyroscopeTransferData.app */,
			);
			name = Products;
			sourceTree = "<group>";
		};
		014CDDDC2551C98C005A7F24 /* GyroscopeTransferData */ = {
			isa = PBXGroup;
			children = (
				014CDDDD2551C98C005A7F24 /* AppDelegate.swift */,
				014CDDDF2551C98C005A7F24 /* SceneDelegate.swift */,
				014CDDE12551C98C005A7F24 /* ViewController.swift */,
				014CDDE32551C98C005A7F24 /* Main.storyboard */,
				014CDDE62551C98F005A7F24 /* Assets.xcassets */,
				014CDDE82551C98F005A7F24 /* LaunchScreen.storyboard */,
				014CDDEB2551C98F005A7F24 /* Info.plist */,
			);
			path = GyroscopeTransferData;
			sourceTree = "<group>";
		};
		0BC284E12DB2837E6F28317E /* Frameworks */ = {
			isa = PBXGroup;
			children = (
				7004E4D63DEC549DE50ECFBE /* Pods_GyroscopeTransferData.framework */,
			);
			name = Frameworks;
			sourceTree = "<group>";
		};
		B3D913DA2FADEEDCABACF2FF /* Pods */ = {
			isa = PBXGroup;
			children = (
				33B7557C1F47AD1A3C5D6D86 /* Pods-GyroscopeTransferData.debug.xcconfig */,
				4E2DD0738A16BBB768616E3B /* Pods-GyroscopeTransferData.release.xcconfig */,
			);
			path = Pods;
			sourceTree = "<group>";
		};
/* End PBXGroup section */

/* Begin PBXNativeTarget section */
		014CDDD92551C98C005A7F24 /* GyroscopeTransferData */ = {
			isa = PBXNativeTarget;
			buildConfigurationList = 014CDDEE2551C98F005A7F24 /* Build configuration list for PBXNativeTarget "GyroscopeTransferData" */;
			buildPhases = (
				B070C0366AABDFBE65CA95EF /* [CP] Check Pods Manifest.lock */,
				014CDDD62551C98C005A7F24 /* Sources */,
				014CDDD72551C98C005A7F24 /* Frameworks */,
				014CDDD82551C98C005A7F24 /* Resources */,
				5FAF48E6CDC6C2FEC374608C /* [CP] Embed Pods Frameworks */,
			);
			buildRules = (
			);
			dependencies = (
			);
			name = GyroscopeTransferData;
			productName = GyroscopeTransferData;
			productReference = 014CDDDA2551C98C005A7F24 /* GyroscopeTransferData.app */;
			productType = "com.apple.product-type.application";
		};
/* End PBXNativeTarget section */

/* Begin PBXProject section */
		014CDDD22551C98C005A7F24 /* Project object */ = {
			isa = PBXProject;
			attributes = {
				LastSwiftUpdateCheck = 1210;
				LastUpgradeCheck = 1210;
				TargetAttributes = {
					014CDDD92551C98C005A7F24 = {
						CreatedOnToolsVersion = 12.1;
					};
				};
			};
			buildConfigurationList = 014CDDD52551C98C005A7F24 /* Build configuration list for PBXProject "GyroscopeTransferData" */;
			compatibilityVersion = "Xcode 9.3";
			developmentRegion = en;
			hasScannedForEncodings = 0;
			knownRegions = (
				en,
				Base,
			);
			mainGroup = 014CDDD12551C98C005A7F24;
			productRefGroup = 014CDDDB2551C98C005A7F24 /* Products */;
			projectDirPath = "";
			projectRoot = "";
			targets = (
				014CDDD92551C98C005A7F24 /* GyroscopeTransferData */,
			);
		};
/* End PBXProject section */

/* Begin PBXResourcesBuildPhase section */
		014CDDD82551C98C005A7F24 /* Resources */ = {
			isa = PBXResourcesBuildPhase;
			buildActionMask = 2147483647;
			files = (
				014CDDEA2551C98F005A7F24 /* LaunchScreen.storyboard in Resources */,
				014CDDE72551C98F005A7F24 /* Assets.xcassets in Resources */,
				014CDDE52551C98C005A7F24 /* Main.storyboard in Resources */,
			);
			runOnlyForDeploymentPostprocessing = 0;
		};
/* End PBXResourcesBuildPhase section */

/* Begin PBXShellScriptBuildPhase section */
		5FAF48E6CDC6C2FEC374608C /* [CP] Embed Pods Frameworks */ = {
			isa = PBXShellScriptBuildPhase;
			buildActionMask = 2147483647;
			files = (
			);
			inputFileListPaths = (
				"${PODS_ROOT}/Target Support Files/Pods-GyroscopeTransferData/Pods-GyroscopeTransferData-frameworks-${CONFIGURATION}-input-files.xcfilelist",
			);
			name = "[CP] Embed Pods Frameworks";
			outputFileListPaths = (
				"${PODS_ROOT}/Target Support Files/Pods-GyroscopeTransferData/Pods-GyroscopeTransferData-frameworks-${CONFIGURATION}-output-files.xcfilelist",
			);
			runOnlyForDeploymentPostprocessing = 0;
			shellPath = /bin/sh;
			shellScript = "\"${PODS_ROOT}/Target Support Files/Pods-GyroscopeTransferData/Pods-GyroscopeTransferData-frameworks.sh\"\n";
			showEnvVarsInLog = 0;
		};
		B070C0366AABDFBE65CA95EF /* [CP] Check Pods Manifest.lock */ = {
			isa = PBXShellScriptBuildPhase;
			buildActionMask = 2147483647;
			files = (
			);
			inputFileListPaths = (
			);
			inputPaths = (
				"${PODS_PODFILE_DIR_PATH}/Podfile.lock",
				"${PODS_ROOT}/Manifest.lock",
			);
			name = "[CP] Check Pods Manifest.lock";
			outputFileListPaths = (
			);
			outputPaths = (
				"$(DERIVED_FILE_DIR)/Pods-GyroscopeTransferData-checkManifestLockResult.txt",
			);
			runOnlyForDeploymentPostprocessing = 0;
			shellPath = /bin/sh;
			shellScript = "diff \"${PODS_PODFILE_DIR_PATH}/Podfile.lock\" \"${PODS_ROOT}/Manifest.lock\" > /dev/null\nif [ $? != 0 ] ; then\n    # print error to STDERR\n    echo \"error: The sandbox is not in sync with the Podfile.lock. Run 'pod install' or update your CocoaPods installation.\" >&2\n    exit 1\nfi\n# This output is used by Xcode 'outputs' to avoid re-running this script phase.\necho \"SUCCESS\" > \"${SCRIPT_OUTPUT_FILE_0}\"\n";
			showEnvVarsInLog = 0;
		};
/* End PBXShellScriptBuildPhase section */

/* Begin PBXSourcesBuildPhase section */
		014CDDD62551C98C005A7F24 /* Sources */ = {
			isa = PBXSourcesBuildPhase;
			buildActionMask = 2147483647;
			files = (
				014CDDE22551C98C005A7F24 /* ViewController.swift in Sources */,
				014CDDDE2551C98C005A7F24 /* AppDelegate.swift in Sources */,
				014CDDE02551C98C005A7F24 /* SceneDelegate.swift in Sources */,
			);
			runOnlyForDeploymentPostprocessing = 0;
		};
/* End PBXSourcesBuildPhase section */

/* Begin PBXVariantGroup section */
		014CDDE32551C98C005A7F24 /* Main.storyboard */ = {
			isa = PBXVariantGroup;
			children = (
				014CDDE42551C98C005A7F24 /* Base */,
			);
			name = Main.storyboard;
			sourceTree = "<group>";
		};
		014CDDE82551C98F005A7F24 /* LaunchScreen.storyboard */ = {
			isa = PBXVariantGroup;
			children = (
				014CDDE92551C98F005A7F24 /* Base */,
			);
			name = LaunchScreen.storyboard;
			sourceTree = "<group>";
		};
/* End PBXVariantGroup section */

/* Begin XCBuildConfiguration section */
		014CDDEC2551C98F005A7F24 /* Debug */ = {
			isa = XCBuildConfiguration;
			buildSettings = {
				ALWAYS_SEARCH_USER_PATHS = NO;
				CLANG_ANALYZER_NONNULL = YES;
				CLANG_ANALYZER_NUMBER_OBJECT_CONVERSION = YES_AGGRESSIVE;
				CLANG_CXX_LANGUAGE_STANDARD = "gnu++14";
				CLANG_CXX_LIBRARY = "libc++";
				CLANG_ENABLE_MODULES = YES;
				CLANG_ENABLE_OBJC_ARC = YES;
				CLANG_ENABLE_OBJC_WEAK = YES;
				CLANG_WARN_BLOCK_CAPTURE_AUTORELEASING = YES;
				CLANG_WARN_BOOL_CONVERSION = YES;
				CLANG_WARN_COMMA = YES;
				CLANG_WARN_CONSTANT_CONVERSION = YES;
				CLANG_WARN_DEPRECATED_OBJC_IMPLEMENTATIONS = YES;
				CLANG_WARN_DIRECT_OBJC_ISA_USAGE = YES_ERROR;
				CLANG_WARN_DOCUMENTATION_COMMENTS = YES;
				CLANG_WARN_EMPTY_BODY = YES;
				CLANG_WARN_ENUM_CONVERSION = YES;
				CLANG_WARN_INFINITE_RECURSION = YES;
				CLANG_WARN_INT_CONVERSION = YES;
				CLANG_WARN_NON_LITERAL_NULL_CONVERSION = YES;
				CLANG_WARN_OBJC_IMPLICIT_RETAIN_SELF = YES;
				CLANG_WARN_OBJC_LITERAL_CONVERSION = YES;
				CLANG_WARN_OBJC_ROOT_CLASS = YES_ERROR;
				CLANG_WARN_QUOTED_INCLUDE_IN_FRAMEWORK_HEADER = YES;
				CLANG_WARN_RANGE_LOOP_ANALYSIS = YES;
				CLANG_WARN_STRICT_PROTOTYPES = YES;
				CLANG_WARN_SUSPICIOUS_MOVE = YES;
				CLANG_WARN_UNGUARDED_AVAILABILITY = YES_AGGRESSIVE;
				CLANG_WARN_UNREACHABLE_CODE = YES;
				CLANG_WARN__DUPLICATE_METHOD_MATCH = YES;
				COPY_PHASE_STRIP = NO;
				DEBUG_INFORMATION_FORMAT = dwarf;
				ENABLE_STRICT_OBJC_MSGSEND = YES;
				ENABLE_TESTABILITY = YES;
				GCC_C_LANGUAGE_STANDARD = gnu11;
				GCC_DYNAMIC_NO_PIC = NO;
				GCC_NO_COMMON_BLOCKS = YES;
				GCC_OPTIMIZATION_LEVEL = 0;
				GCC_PREPROCESSOR_DEFINITIONS = (
					"DEBUG=1",
					"$(inherited)",
				);
				GCC_WARN_64_TO_32_BIT_CONVERSION = YES;
				GCC_WARN_ABOUT_RETURN_TYPE = YES_ERROR;
				GCC_WARN_UNDECLARED_SELECTOR = YES;
				GCC_WARN_UNINITIALIZED_AUTOS = YES_AGGRESSIVE;
				GCC_WARN_UNUSED_FUNCTION = YES;
				GCC_WARN_UNUSED_VARIABLE = YES;
				IPHONEOS_DEPLOYMENT_TARGET = 14.1;
				MTL_ENABLE_DEBUG_INFO = INCLUDE_SOURCE;
				MTL_FAST_MATH = YES;
				ONLY_ACTIVE_ARCH = YES;
				SDKROOT = iphoneos;
				SWIFT_ACTIVE_COMPILATION_CONDITIONS = DEBUG;
				SWIFT_OPTIMIZATION_LEVEL = "-Onone";
			};
			name = Debug;
		};
		014CDDED2551C98F005A7F24 /* Release */ = {
			isa = XCBuildConfiguration;
			buildSettings = {
				ALWAYS_SEARCH_USER_PATHS = NO;
				CLANG_ANALYZER_NONNULL = YES;
				CLANG_ANALYZER_NUMBER_OBJECT_CONVERSION = YES_AGGRESSIVE;
				CLANG_CXX_LANGUAGE_STANDARD = "gnu++14";
				CLANG_CXX_LIBRARY = "libc++";
				CLANG_ENABLE_MODULES = YES;
				CLANG_ENABLE_OBJC_ARC = YES;
				CLANG_ENABLE_OBJC_WEAK = YES;
				CLANG_WARN_BLOCK_CAPTURE_AUTORELEASING = YES;
				CLANG_WARN_BOOL_CONVERSION = YES;
				CLANG_WARN_COMMA = YES;
				CLANG_WARN_CONSTANT_CONVERSION = YES;
				CLANG_WARN_DEPRECATED_OBJC_IMPLEMENTATIONS = YES;
				CLANG_WARN_DIRECT_OBJC_ISA_USAGE = YES_ERROR;
				CLANG_WARN_DOCUMENTATION_COMMENTS = YES;
				CLANG_WARN_EMPTY_BODY = YES;
				CLANG_WARN_ENUM_CONVERSION = YES;
				CLANG_WARN_INFINITE_RECURSION = YES;
				CLANG_WARN_INT_CONVERSION = YES;
				CLANG_WARN_NON_LITERAL_NULL_CONVERSION = YES;
				CLANG_WARN_OBJC_IMPLICIT_RETAIN_SELF = YES;
				CLANG_WARN_OBJC_LITERAL_CONVERSION = YES;
				CLANG_WARN_OBJC_ROOT_CLASS = YES_ERROR;
				CLANG_WARN_QUOTED_INCLUDE_IN_FRAMEWORK_HEADER = YES;
				CLANG_WARN_RANGE_LOOP_ANALYSIS = YES;
				CLANG_WARN_STRICT_PROTOTYPES = YES;
				CLANG_WARN_SUSPICIOUS_MOVE = YES;
				CLANG_WARN_UNGUARDED_AVAILABILITY = YES_AGGRESSIVE;
				CLANG_WARN_UNREACHABLE_CODE = YES;
				CLANG_WARN__DUPLICATE_METHOD_MATCH = YES;
				COPY_PHASE_STRIP = NO;
				DEBUG_INFORMATION_FORMAT = "dwarf-with-dsym";
				ENABLE_NS_ASSERTIONS = NO;
				ENABLE_STRICT_OBJC_MSGSEND = YES;
				GCC_C_LANGUAGE_STANDARD = gnu11;
				GCC_NO_COMMON_BLOCKS = YES;
				GCC_WARN_64_TO_32_BIT_CONVERSION = YES;
				GCC_WARN_ABOUT_RETURN_TYPE = YES_ERROR;
				GCC_WARN_UNDECLARED_SELECTOR = YES;
				GCC_WARN_UNINITIALIZED_AUTOS = YES_AGGRESSIVE;
				GCC_WARN_UNUSED_FUNCTION = YES;
				GCC_WARN_UNUSED_VARIABLE = YES;
				IPHONEOS_DEPLOYMENT_TARGET = 14.1;
				MTL_ENABLE_DEBUG_INFO = NO;
				MTL_FAST_MATH = YES;
				SDKROOT = iphoneos;
				SWIFT_COMPILATION_MODE = wholemodule;
				SWIFT_OPTIMIZATION_LEVEL = "-O";
				VALIDATE_PRODUCT = YES;
			};
			name = Release;
		};
		014CDDEF2551C98F005A7F24 /* Debug */ = {
			isa = XCBuildConfiguration;
			baseConfigurationReference = 33B7557C1F47AD1A3C5D6D86 /* Pods-GyroscopeTransferData.debug.xcconfig */;
			buildSettings = {
				ASSETCATALOG_COMPILER_APPICON_NAME = AppIcon;
				ASSETCATALOG_COMPILER_GLOBAL_ACCENT_COLOR_NAME = AccentColor;
				CODE_SIGN_STYLE = Automatic;
				DEVELOPMENT_TEAM = 94UC5J8424;
				INFOPLIST_FILE = GyroscopeTransferData/Info.plist;
				LD_RUNPATH_SEARCH_PATHS = (
					"$(inherited)",
					"@executable_path/Frameworks",
				);
				PRODUCT_BUNDLE_IDENTIFIER = com.krzysztofkogut.GyroscopeTransferData;
				PRODUCT_NAME = "$(TARGET_NAME)";
				SWIFT_VERSION = 4.2;
				TARGETED_DEVICE_FAMILY = "1,2";
			};
			name = Debug;
		};
		014CDDF02551C98F005A7F24 /* Release */ = {
			isa = XCBuildConfiguration;
			baseConfigurationReference = 4E2DD0738A16BBB768616E3B /* Pods-GyroscopeTransferData.release.xcconfig */;
			buildSettings = {
				ASSETCATALOG_COMPILER_APPICON_NAME = AppIcon;
				ASSETCATALOG_COMPILER_GLOBAL_ACCENT_COLOR_NAME = AccentColor;
				CODE_SIGN_STYLE = Automatic;
				DEVELOPMENT_TEAM = 94UC5J8424;
				INFOPLIST_FILE = GyroscopeTransferData/Info.plist;
				LD_RUNPATH_SEARCH_PATHS = (
					"$(inherited)",
					"@executable_path/Frameworks",
				);
				PRODUCT_BUNDLE_IDENTIFIER = com.krzysztofkogut.GyroscopeTransferData;
				PRODUCT_NAME = "$(TARGET_NAME)";
				SWIFT_VERSION = 4.2;
				TARGETED_DEVICE_FAMILY = "1,2";
			};
			name = Release;
		};
/* End XCBuildConfiguration section */

/* Begin XCConfigurationList section */
		014CDDD52551C98C005A7F24 /* Build configuration list for PBXProject "GyroscopeTransferData" */ = {
			isa = XCConfigurationList;
			buildConfigurations = (
				014CDDEC2551C98F005A7F24 /* Debug */,
				014CDDED2551C98F005A7F24 /* Release */,
			);
			defaultConfigurationIsVisible = 0;
			defaultConfigurationName = Release;
		};
		014CDDEE2551C98F005A7F24 /* Build configuration list for PBXNativeTarget "GyroscopeTransferData" */ = {
			isa = XCConfigurationList;
			buildConfigurations = (
				014CDDEF2551C98F005A7F24 /* Debug */,
				014CDDF02551C98F005A7F24 /* Release */,
			);
			defaultConfigurationIsVisible = 0;
			defaultConfigurationName = Release;
		};
/* End XCConfigurationList section */
	};
	rootObject = 014CDDD22551C98C005A7F24 /* Project object */;
}
